
Microsoft Visual Studio Solution File, Format Version 12.00
Project("{FAE04EC0-301F-11D3-BF4B-00C04F79EFBC}") = "ImageResizer", "ImageResizer\ImageResizer.csproj", "{B613F076-0BC6-47CD-ABC2-8B2B60C4ABA9}"
EndProject
Global
	GlobalSection(SolutionConfigurationPlatforms) = preSolution
		Debug|Any CPU = Debug|Any CPU
		Release|Any CPU = Release|Any CPU
	EndGlobalSection
	GlobalSection(ProjectConfigurationPlatforms) = postSolution
		{B613F076-0BC6-47CD-ABC2-8B2B60C4ABA9}.Debug|Any CPU.ActiveCfg = Debug|Any CPU
		{B613F076-0BC6-47CD-ABC2-8B2B60C4ABA9}.Debug|Any CPU.Build.0 = Debug|Any CPU
		{B613F076-0BC6-47CD-ABC2-8B2B60C4ABA9}.Release|Any CPU.ActiveCfg = Release|Any CPU
		{B613F076-0BC6-47CD-ABC2-8B2B60C4ABA9}.Release|Any CPU.Build.0 = Release|Any CPU
	EndGlobalSection
EndGlobal
